// !$*UTF8*$!
{
	archiveVersion = 1;
	classes = {
	};
	objectVersion = 46;
	objects = {

/* Begin PBXAggregateTarget section */
		87F033511B6A0A29005D51CD /* Doku */ = {
			isa = PBXAggregateTarget;
			buildConfigurationList = 87F033541B6A0A29005D51CD /* Build configuration list for PBXAggregateTarget "Doku" */;
			buildPhases = (
				87F033551B6A0A30005D51CD /* ShellScript */,
			);
			dependencies = (
			);
			name = Doku;
			productName = Doku;
		};
/* End PBXAggregateTarget section */

/* Begin PBXBuildFile section */
		2123506CBC745E578916BE69 /* FavouritesManager.m in Sources */ = {isa = PBXBuildFile; fileRef = 2123556A8AFB7BC8DC587A7B /* FavouritesManager.m */; };
		2123515B3171C65FEDD8FCB6 /* RESTClient.m in Sources */ = {isa = PBXBuildFile; fileRef = 2123598DA8F6797CCD469E6A /* RESTClient.m */; };
		212351E2606C393A91810A46 /* UIColor+Presets.m in Sources */ = {isa = PBXBuildFile; fileRef = 21235E13C125FF2E916FCF61 /* UIColor+Presets.m */; };
		21235214EA04DA6DE383266B /* SingleFortune.m in Sources */ = {isa = PBXBuildFile; fileRef = 21235E5B4E3B889BF682F011 /* SingleFortune.m */; };
		212352EBCC19F2585A2820B2 /* NSString+Utilities.m in Sources */ = {isa = PBXBuildFile; fileRef = 21235E7E32353969EF31A996 /* NSString+Utilities.m */; };
		212353C87192D6A030581AE4 /* FortuneList.m in Sources */ = {isa = PBXBuildFile; fileRef = 21235A9C81611CA9F92D0CD7 /* FortuneList.m */; };
		2123541E4803BCF55E97A9B5 /* ImpressumViewController.m in Sources */ = {isa = PBXBuildFile; fileRef = 21235A50AC0E760F4767EA08 /* ImpressumViewController.m */; };
		2123575B4905EF8E678ADDB9 /* FortunesBySourceViewController.m in Sources */ = {isa = PBXBuildFile; fileRef = 2123539D67F30A0EF672E68B /* FortunesBySourceViewController.m */; };
		21235780CC4F603C40CE7516 /* SingleFortune+Favourites.m in Sources */ = {isa = PBXBuildFile; fileRef = 212350B0128886811EBBB6E5 /* SingleFortune+Favourites.m */; };
		212357B2C99E5B3D469FF335 /* FortunesListViewController.m in Sources */ = {isa = PBXBuildFile; fileRef = 21235A489AD4681C6D98CA7E /* FortunesListViewController.m */; };
		212357EDC201D0BD5C2ADA04 /* UIViewController+Layout.m in Sources */ = {isa = PBXBuildFile; fileRef = 21235659F2FEAFC19CECD82E /* UIViewController+Layout.m */; };
		2123584252FCF8E238A1202F /* UIView+Helpers.m in Sources */ = {isa = PBXBuildFile; fileRef = 2123571D931755AB55081451 /* UIView+Helpers.m */; };
		212358D4F04B5125E4135056 /* FontManager.m in Sources */ = {isa = PBXBuildFile; fileRef = 21235FD685D033109884DAAC /* FontManager.m */; };
		212359953153F89860E3347A /* LeftNavItem.m in Sources */ = {isa = PBXBuildFile; fileRef = 212356EE4BB41E321C30899F /* LeftNavItem.m */; };
		21235AB75DB52849AB17F75B /* SettingsViewController.m in Sources */ = {isa = PBXBuildFile; fileRef = 2123597AB4AE3E5E4C5B86CD /* SettingsViewController.m */; };
		21235B8FC795F7CC721C5E1D /* UIViewController+NavigationBar.m in Sources */ = {isa = PBXBuildFile; fileRef = 21235379FCBFD3687A20DB34 /* UIViewController+NavigationBar.m */; };
		21235BC34468EE5D395A02D8 /* UserSettings.m in Sources */ = {isa = PBXBuildFile; fileRef = 21235A60946C133DC4DC54F9 /* UserSettings.m */; };
		21235E71F303B6ECD38B2E71 /* HomeViewController.m in Sources */ = {isa = PBXBuildFile; fileRef = 21235A1012460B08E0193D6D /* HomeViewController.m */; };
		21235E85CDBD6D571FEC8213 /* FortuneMainDisplay.m in Sources */ = {isa = PBXBuildFile; fileRef = 21235283A711AC51577195B5 /* FortuneMainDisplay.m */; };
		87316F771B6B2C2E005FF5C7 /* Localizable.strings in Resources */ = {isa = PBXBuildFile; fileRef = 87316F751B6B2C2E005FF5C7 /* Localizable.strings */; };
		87316F7A1B6B2C37005FF5C7 /* Localizable.strings in Resources */ = {isa = PBXBuildFile; fileRef = 87316F781B6B2C37005FF5C7 /* Localizable.strings */; };
		8758ED041B6D1E13008EEE1C /* DefaultButton.m in Sources */ = {isa = PBXBuildFile; fileRef = 8758ED031B6D1E13008EEE1C /* DefaultButton.m */; };
		877BFBA01B6501BC00B2A8E5 /* LabelAutoSize.m in Sources */ = {isa = PBXBuildFile; fileRef = 877BFB9F1B6501BC00B2A8E5 /* LabelAutoSize.m */; };
		87BD950D1B66EEA300A96289 /* RowIndicator.m in Sources */ = {isa = PBXBuildFile; fileRef = 87BD950C1B66EEA300A96289 /* RowIndicator.m */; };
		87BD95101B6779A500A96289 /* FontsViewController.m in Sources */ = {isa = PBXBuildFile; fileRef = 87BD950F1B6779A500A96289 /* FontsViewController.m */; };
		87BE06541B664700003F2186 /* FortuneDetailViewController.m in Sources */ = {isa = PBXBuildFile; fileRef = 87BE06531B664700003F2186 /* FortuneDetailViewController.m */; };
		87D1487A1B5D5C26003841AC /* main.m in Sources */ = {isa = PBXBuildFile; fileRef = 87D148791B5D5C26003841AC /* main.m */; };
		87D1487D1B5D5C26003841AC /* AppDelegate.m in Sources */ = {isa = PBXBuildFile; fileRef = 87D1487C1B5D5C26003841AC /* AppDelegate.m */; };
		87D148851B5D5C26003841AC /* Images.xcassets in Resources */ = {isa = PBXBuildFile; fileRef = 87D148841B5D5C26003841AC /* Images.xcassets */; };
		87D148941B5D5C26003841AC /* FortunesTests.m in Sources */ = {isa = PBXBuildFile; fileRef = 87D148931B5D5C26003841AC /* FortunesTests.m */; };
		87D1489E1B5D636C003841AC /* Default-568h@2x.png in Resources */ = {isa = PBXBuildFile; fileRef = 87D1489D1B5D636C003841AC /* Default-568h@2x.png */; };
		87D148A51B5D6646003841AC /* LeftViewController.m in Sources */ = {isa = PBXBuildFile; fileRef = 87D148A41B5D6646003841AC /* LeftViewController.m */; };
		87D148A81B5D6C7B003841AC /* NavController.m in Sources */ = {isa = PBXBuildFile; fileRef = 87D148A71B5D6C7B003841AC /* NavController.m */; };
		87D148B31B5DA38A003841AC /* BaseViewController.m in Sources */ = {isa = PBXBuildFile; fileRef = 87D148B21B5DA38A003841AC /* BaseViewController.m */; };
		87E2E54F1B5F929100AFDDB9 /* FortuneTableViewCell.m in Sources */ = {isa = PBXBuildFile; fileRef = 87E2E54E1B5F929100AFDDB9 /* FortuneTableViewCell.m */; };
		F6AD4DA260D320231BA5B5B5 /* libPods.a in Frameworks */ = {isa = PBXBuildFile; fileRef = 7A70EDD08EEC7F06DE57B4C0 /* libPods.a */; };
/* End PBXBuildFile section */

/* Begin PBXContainerItemProxy section */
		87D1488E1B5D5C26003841AC /* PBXContainerItemProxy */ = {
			isa = PBXContainerItemProxy;
			containerPortal = 87D1486C1B5D5C26003841AC /* Project object */;
			proxyType = 1;
			remoteGlobalIDString = 87D148731B5D5C26003841AC;
			remoteInfo = Fortunes;
		};
/* End PBXContainerItemProxy section */

/* Begin PBXFileReference section */
		212350A4C588C6D1D3154C12 /* SettingsViewController.h */ = {isa = PBXFileReference; fileEncoding = 4; lastKnownFileType = sourcecode.c.h; name = SettingsViewController.h; path = ViewController/Primary/SettingsViewController.h; sourceTree = "<group>"; };
		212350B0128886811EBBB6E5 /* SingleFortune+Favourites.m */ = {isa = PBXFileReference; fileEncoding = 4; lastKnownFileType = sourcecode.c.objc; path = "SingleFortune+Favourites.m"; sourceTree = "<group>"; };
		21235283A711AC51577195B5 /* FortuneMainDisplay.m */ = {isa = PBXFileReference; fileEncoding = 4; lastKnownFileType = sourcecode.c.objc; path = FortuneMainDisplay.m; sourceTree = "<group>"; };
		212353696E159DDC4466913F /* RESTClient.h */ = {isa = PBXFileReference; fileEncoding = 4; lastKnownFileType = sourcecode.c.h; path = RESTClient.h; sourceTree = "<group>"; };
		21235379FCBFD3687A20DB34 /* UIViewController+NavigationBar.m */ = {isa = PBXFileReference; fileEncoding = 4; lastKnownFileType = sourcecode.c.objc; path = "UIViewController+NavigationBar.m"; sourceTree = "<group>"; };
		2123539D67F30A0EF672E68B /* FortunesBySourceViewController.m */ = {isa = PBXFileReference; fileEncoding = 4; lastKnownFileType = sourcecode.c.objc; name = FortunesBySourceViewController.m; path = ViewController/Primary/FortunesBySourceViewController.m; sourceTree = "<group>"; };
		2123543A547892D91FDC3F6D /* FortunesBySourceViewController.h */ = {isa = PBXFileReference; fileEncoding = 4; lastKnownFileType = sourcecode.c.h; name = FortunesBySourceViewController.h; path = ViewController/Primary/FortunesBySourceViewController.h; sourceTree = "<group>"; };
		212354C690E64D24A3396B35 /* FortuneMainDisplay.h */ = {isa = PBXFileReference; fileEncoding = 4; lastKnownFileType = sourcecode.c.h; path = FortuneMainDisplay.h; sourceTree = "<group>"; };
		2123556A8AFB7BC8DC587A7B /* FavouritesManager.m */ = {isa = PBXFileReference; fileEncoding = 4; lastKnownFileType = sourcecode.c.objc; path = FavouritesManager.m; sourceTree = "<group>"; };
		21235611898395CA4FBAA96F /* FontManager.h */ = {isa = PBXFileReference; fileEncoding = 4; lastKnownFileType = sourcecode.c.h; path = FontManager.h; sourceTree = "<group>"; };
		212356548BD968C0CE9D6BA1 /* FavouritesManager.h */ = {isa = PBXFileReference; fileEncoding = 4; lastKnownFileType = sourcecode.c.h; path = FavouritesManager.h; sourceTree = "<group>"; };
		21235659F2FEAFC19CECD82E /* UIViewController+Layout.m */ = {isa = PBXFileReference; fileEncoding = 4; lastKnownFileType = sourcecode.c.objc; path = "UIViewController+Layout.m"; sourceTree = "<group>"; };
		212356603CDF1DDA989BF9AE /* FortunesListViewController.h */ = {isa = PBXFileReference; fileEncoding = 4; lastKnownFileType = sourcecode.c.h; name = FortunesListViewController.h; path = ViewController/Primary/FortunesListViewController.h; sourceTree = "<group>"; };
		21235690640FBCF317AA3CAB /* SingleFortune.h */ = {isa = PBXFileReference; fileEncoding = 4; lastKnownFileType = sourcecode.c.h; path = SingleFortune.h; sourceTree = "<group>"; };
		2123569F771A32289000B781 /* HomeViewController.h */ = {isa = PBXFileReference; fileEncoding = 4; lastKnownFileType = sourcecode.c.h; name = HomeViewController.h; path = ViewController/Primary/HomeViewController.h; sourceTree = "<group>"; };
		212356EE4BB41E321C30899F /* LeftNavItem.m */ = {isa = PBXFileReference; fileEncoding = 4; lastKnownFileType = sourcecode.c.objc; path = LeftNavItem.m; sourceTree = "<group>"; };
		2123571D931755AB55081451 /* UIView+Helpers.m */ = {isa = PBXFileReference; fileEncoding = 4; lastKnownFileType = sourcecode.c.objc; path = "UIView+Helpers.m"; sourceTree = "<group>"; };
		21235782B7EAF1ACD73D867C /* SingleFortune+Favourites.h */ = {isa = PBXFileReference; fileEncoding = 4; lastKnownFileType = sourcecode.c.h; path = "SingleFortune+Favourites.h"; sourceTree = "<group>"; };
		212358A59896E13DC0F05FEE /* UIColor+Presets.h */ = {isa = PBXFileReference; fileEncoding = 4; lastKnownFileType = sourcecode.c.h; path = "UIColor+Presets.h"; sourceTree = "<group>"; };
		2123597AB4AE3E5E4C5B86CD /* SettingsViewController.m */ = {isa = PBXFileReference; fileEncoding = 4; lastKnownFileType = sourcecode.c.objc; name = SettingsViewController.m; path = ViewController/Primary/SettingsViewController.m; sourceTree = "<group>"; };
		2123598DA8F6797CCD469E6A /* RESTClient.m */ = {isa = PBXFileReference; fileEncoding = 4; lastKnownFileType = sourcecode.c.objc; path = RESTClient.m; sourceTree = "<group>"; };
		21235A0BF722C72BC12CF90B /* UIViewController+Layout.h */ = {isa = PBXFileReference; fileEncoding = 4; lastKnownFileType = sourcecode.c.h; path = "UIViewController+Layout.h"; sourceTree = "<group>"; };
		21235A1012460B08E0193D6D /* HomeViewController.m */ = {isa = PBXFileReference; fileEncoding = 4; lastKnownFileType = sourcecode.c.objc; name = HomeViewController.m; path = ViewController/Primary/HomeViewController.m; sourceTree = "<group>"; };
		21235A489AD4681C6D98CA7E /* FortunesListViewController.m */ = {isa = PBXFileReference; fileEncoding = 4; lastKnownFileType = sourcecode.c.objc; name = FortunesListViewController.m; path = ViewController/Primary/FortunesListViewController.m; sourceTree = "<group>"; };
		21235A50AC0E760F4767EA08 /* ImpressumViewController.m */ = {isa = PBXFileReference; fileEncoding = 4; lastKnownFileType = sourcecode.c.objc; name = ImpressumViewController.m; path = ViewController/Primary/ImpressumViewController.m; sourceTree = "<group>"; };
		21235A60946C133DC4DC54F9 /* UserSettings.m */ = {isa = PBXFileReference; fileEncoding = 4; lastKnownFileType = sourcecode.c.objc; path = UserSettings.m; sourceTree = "<group>"; };
		21235A9C81611CA9F92D0CD7 /* FortuneList.m */ = {isa = PBXFileReference; fileEncoding = 4; lastKnownFileType = sourcecode.c.objc; path = FortuneList.m; sourceTree = "<group>"; };
		21235B00A7B0934024EA901F /* UIView+Helpers.h */ = {isa = PBXFileReference; fileEncoding = 4; lastKnownFileType = sourcecode.c.h; path = "UIView+Helpers.h"; sourceTree = "<group>"; };
		21235BC70AFC73F6B03B6177 /* UserSettings.h */ = {isa = PBXFileReference; fileEncoding = 4; lastKnownFileType = sourcecode.c.h; path = UserSettings.h; sourceTree = "<group>"; };
		21235C63BD62088824415089 /* FortuneList.h */ = {isa = PBXFileReference; fileEncoding = 4; lastKnownFileType = sourcecode.c.h; path = FortuneList.h; sourceTree = "<group>"; };
		21235C98153682924BB85F5B /* NSString+Utilities.h */ = {isa = PBXFileReference; fileEncoding = 4; lastKnownFileType = sourcecode.c.h; path = "NSString+Utilities.h"; sourceTree = "<group>"; };
		21235E13C125FF2E916FCF61 /* UIColor+Presets.m */ = {isa = PBXFileReference; fileEncoding = 4; lastKnownFileType = sourcecode.c.objc; path = "UIColor+Presets.m"; sourceTree = "<group>"; };
		21235E5B4E3B889BF682F011 /* SingleFortune.m */ = {isa = PBXFileReference; fileEncoding = 4; lastKnownFileType = sourcecode.c.objc; path = SingleFortune.m; sourceTree = "<group>"; };
		21235E7E32353969EF31A996 /* NSString+Utilities.m */ = {isa = PBXFileReference; fileEncoding = 4; lastKnownFileType = sourcecode.c.objc; path = "NSString+Utilities.m"; sourceTree = "<group>"; };
		21235E8E8F6225FAEF26FA73 /* ImpressumViewController.h */ = {isa = PBXFileReference; fileEncoding = 4; lastKnownFileType = sourcecode.c.h; name = ImpressumViewController.h; path = ViewController/Primary/ImpressumViewController.h; sourceTree = "<group>"; };
		21235F17A15AFDF7D7578161 /* LeftNavItem.h */ = {isa = PBXFileReference; fileEncoding = 4; lastKnownFileType = sourcecode.c.h; path = LeftNavItem.h; sourceTree = "<group>"; };
		21235FD685D033109884DAAC /* FontManager.m */ = {isa = PBXFileReference; fileEncoding = 4; lastKnownFileType = sourcecode.c.objc; path = FontManager.m; sourceTree = "<group>"; };
		21235FF2C4B369B0D1F56A0F /* UIViewController+NavigationBar.h */ = {isa = PBXFileReference; fileEncoding = 4; lastKnownFileType = sourcecode.c.h; path = "UIViewController+NavigationBar.h"; sourceTree = "<group>"; };
		2EBB10577B677DBEE1EF280D /* Pods.release.xcconfig */ = {isa = PBXFileReference; includeInIndex = 1; lastKnownFileType = text.xcconfig; name = Pods.release.xcconfig; path = "Pods/Target Support Files/Pods/Pods.release.xcconfig"; sourceTree = "<group>"; };
		36F439999209509BD467C0A2 /* Pods.debug.xcconfig */ = {isa = PBXFileReference; includeInIndex = 1; lastKnownFileType = text.xcconfig; name = Pods.debug.xcconfig; path = "Pods/Target Support Files/Pods/Pods.debug.xcconfig"; sourceTree = "<group>"; };
		7A70EDD08EEC7F06DE57B4C0 /* libPods.a */ = {isa = PBXFileReference; explicitFileType = archive.ar; includeInIndex = 0; path = libPods.a; sourceTree = BUILT_PRODUCTS_DIR; };
		87316F761B6B2C2E005FF5C7 /* de */ = {isa = PBXFileReference; lastKnownFileType = text.plist.strings; name = de; path = de.lproj/Localizable.strings; sourceTree = "<group>"; };
		87316F791B6B2C37005FF5C7 /* en */ = {isa = PBXFileReference; lastKnownFileType = text.plist.strings; name = en; path = Localizable.strings; sourceTree = "<group>"; };
		8758ED021B6D1E13008EEE1C /* DefaultButton.h */ = {isa = PBXFileReference; fileEncoding = 4; lastKnownFileType = sourcecode.c.h; path = DefaultButton.h; sourceTree = "<group>"; };
		8758ED031B6D1E13008EEE1C /* DefaultButton.m */ = {isa = PBXFileReference; fileEncoding = 4; lastKnownFileType = sourcecode.c.objc; path = DefaultButton.m; sourceTree = "<group>"; };
		877BFB9E1B6501BC00B2A8E5 /* LabelAutoSize.h */ = {isa = PBXFileReference; fileEncoding = 4; lastKnownFileType = sourcecode.c.h; path = LabelAutoSize.h; sourceTree = "<group>"; };
		877BFB9F1B6501BC00B2A8E5 /* LabelAutoSize.m */ = {isa = PBXFileReference; fileEncoding = 4; lastKnownFileType = sourcecode.c.objc; path = LabelAutoSize.m; sourceTree = "<group>"; };
		87BD950B1B66EEA300A96289 /* RowIndicator.h */ = {isa = PBXFileReference; fileEncoding = 4; lastKnownFileType = sourcecode.c.h; path = RowIndicator.h; sourceTree = "<group>"; };
		87BD950C1B66EEA300A96289 /* RowIndicator.m */ = {isa = PBXFileReference; fileEncoding = 4; lastKnownFileType = sourcecode.c.objc; path = RowIndicator.m; sourceTree = "<group>"; };
		87BD950E1B6779A500A96289 /* FontsViewController.h */ = {isa = PBXFileReference; fileEncoding = 4; lastKnownFileType = sourcecode.c.h; path = FontsViewController.h; sourceTree = "<group>"; };
		87BD950F1B6779A500A96289 /* FontsViewController.m */ = {isa = PBXFileReference; fileEncoding = 4; lastKnownFileType = sourcecode.c.objc; path = FontsViewController.m; sourceTree = "<group>"; };
		87BE06521B664700003F2186 /* FortuneDetailViewController.h */ = {isa = PBXFileReference; fileEncoding = 4; lastKnownFileType = sourcecode.c.h; path = FortuneDetailViewController.h; sourceTree = "<group>"; };
		87BE06531B664700003F2186 /* FortuneDetailViewController.m */ = {isa = PBXFileReference; fileEncoding = 4; lastKnownFileType = sourcecode.c.objc; path = FortuneDetailViewController.m; sourceTree = "<group>"; };
		87D148741B5D5C26003841AC /* Fortunes.app */ = {isa = PBXFileReference; explicitFileType = wrapper.application; includeInIndex = 0; path = Fortunes.app; sourceTree = BUILT_PRODUCTS_DIR; };
		87D148781B5D5C26003841AC /* Info.plist */ = {isa = PBXFileReference; lastKnownFileType = text.plist.xml; path = Info.plist; sourceTree = "<group>"; };
		87D148791B5D5C26003841AC /* main.m */ = {isa = PBXFileReference; lastKnownFileType = sourcecode.c.objc; path = main.m; sourceTree = "<group>"; };
		87D1487B1B5D5C26003841AC /* AppDelegate.h */ = {isa = PBXFileReference; lastKnownFileType = sourcecode.c.h; path = AppDelegate.h; sourceTree = "<group>"; };
		87D1487C1B5D5C26003841AC /* AppDelegate.m */ = {isa = PBXFileReference; lastKnownFileType = sourcecode.c.objc; path = AppDelegate.m; sourceTree = "<group>"; };
		87D148841B5D5C26003841AC /* Images.xcassets */ = {isa = PBXFileReference; lastKnownFileType = folder.assetcatalog; path = Images.xcassets; sourceTree = "<group>"; };
		87D1488D1B5D5C26003841AC /* FortunesTests.xctest */ = {isa = PBXFileReference; explicitFileType = wrapper.cfbundle; includeInIndex = 0; path = FortunesTests.xctest; sourceTree = BUILT_PRODUCTS_DIR; };
		87D148921B5D5C26003841AC /* Info.plist */ = {isa = PBXFileReference; lastKnownFileType = text.plist.xml; path = Info.plist; sourceTree = "<group>"; };
		87D148931B5D5C26003841AC /* FortunesTests.m */ = {isa = PBXFileReference; lastKnownFileType = sourcecode.c.objc; path = FortunesTests.m; sourceTree = "<group>"; };
		87D1489D1B5D636C003841AC /* Default-568h@2x.png */ = {isa = PBXFileReference; lastKnownFileType = image.png; path = "Default-568h@2x.png"; sourceTree = "<group>"; };
		87D148A31B5D6646003841AC /* LeftViewController.h */ = {isa = PBXFileReference; fileEncoding = 4; lastKnownFileType = sourcecode.c.h; name = LeftViewController.h; path = ViewController/LeftViewController.h; sourceTree = "<group>"; };
		87D148A41B5D6646003841AC /* LeftViewController.m */ = {isa = PBXFileReference; fileEncoding = 4; lastKnownFileType = sourcecode.c.objc; name = LeftViewController.m; path = ViewController/LeftViewController.m; sourceTree = "<group>"; };
		87D148A61B5D6C7B003841AC /* NavController.h */ = {isa = PBXFileReference; fileEncoding = 4; lastKnownFileType = sourcecode.c.h; name = NavController.h; path = ViewController/NavController.h; sourceTree = "<group>"; };
		87D148A71B5D6C7B003841AC /* NavController.m */ = {isa = PBXFileReference; fileEncoding = 4; lastKnownFileType = sourcecode.c.objc; name = NavController.m; path = ViewController/NavController.m; sourceTree = "<group>"; };
		87D148A91B5D86C9003841AC /* defines.h */ = {isa = PBXFileReference; fileEncoding = 4; lastKnownFileType = sourcecode.c.h; path = defines.h; sourceTree = "<group>"; };
		87D148AA1B5D86C9003841AC /* fortunes-Prefix.pch */ = {isa = PBXFileReference; fileEncoding = 4; lastKnownFileType = sourcecode.c.h; path = "fortunes-Prefix.pch"; sourceTree = "<group>"; };
		87D148B11B5DA38A003841AC /* BaseViewController.h */ = {isa = PBXFileReference; fileEncoding = 4; lastKnownFileType = sourcecode.c.h; name = BaseViewController.h; path = ViewController/BaseViewController.h; sourceTree = "<group>"; };
		87D148B21B5DA38A003841AC /* BaseViewController.m */ = {isa = PBXFileReference; fileEncoding = 4; lastKnownFileType = sourcecode.c.objc; name = BaseViewController.m; path = ViewController/BaseViewController.m; sourceTree = "<group>"; };
		87E2E54D1B5F929100AFDDB9 /* FortuneTableViewCell.h */ = {isa = PBXFileReference; fileEncoding = 4; lastKnownFileType = sourcecode.c.h; path = FortuneTableViewCell.h; sourceTree = "<group>"; };
		87E2E54E1B5F929100AFDDB9 /* FortuneTableViewCell.m */ = {isa = PBXFileReference; fileEncoding = 4; lastKnownFileType = sourcecode.c.objc; path = FortuneTableViewCell.m; sourceTree = "<group>"; };
/* End PBXFileReference section */

/* Begin PBXFrameworksBuildPhase section */
		87D148711B5D5C26003841AC /* Frameworks */ = {
			isa = PBXFrameworksBuildPhase;
			buildActionMask = 2147483647;
			files = (
				F6AD4DA260D320231BA5B5B5 /* libPods.a in Frameworks */,
			);
			runOnlyForDeploymentPostprocessing = 0;
		};
		87D1488A1B5D5C26003841AC /* Frameworks */ = {
			isa = PBXFrameworksBuildPhase;
			buildActionMask = 2147483647;
			files = (
			);
			runOnlyForDeploymentPostprocessing = 0;
		};
/* End PBXFrameworksBuildPhase section */

/* Begin PBXGroup section */
		10DA9FF2FB04EAF33D8C5640 /* Frameworks */ = {
			isa = PBXGroup;
			children = (
				7A70EDD08EEC7F06DE57B4C0 /* libPods.a */,
			);
			name = Frameworks;
			sourceTree = "<group>";
		};
		2123501CE23173AE1621F637 /* Data */ = {
			isa = PBXGroup;
			children = (
				21235C63BD62088824415089 /* FortuneList.h */,
				21235A9C81611CA9F92D0CD7 /* FortuneList.m */,
				212353696E159DDC4466913F /* RESTClient.h */,
				2123598DA8F6797CCD469E6A /* RESTClient.m */,
				21235690640FBCF317AA3CAB /* SingleFortune.h */,
				21235E5B4E3B889BF682F011 /* SingleFortune.m */,
				212350217399514501DEF868 /* Categories */,
			);
			path = Data;
			sourceTree = "<group>";
		};
		212350217399514501DEF868 /* Categories */ = {
			isa = PBXGroup;
			children = (
				21235782B7EAF1ACD73D867C /* SingleFortune+Favourites.h */,
				212350B0128886811EBBB6E5 /* SingleFortune+Favourites.m */,
			);
			path = Categories;
			sourceTree = "<group>";
		};
		21235047D3F9D333D563960C /* Helpers */ = {
			isa = PBXGroup;
			children = (
				212358A59896E13DC0F05FEE /* UIColor+Presets.h */,
				21235E13C125FF2E916FCF61 /* UIColor+Presets.m */,
				21235B00A7B0934024EA901F /* UIView+Helpers.h */,
				2123571D931755AB55081451 /* UIView+Helpers.m */,
				21235A60946C133DC4DC54F9 /* UserSettings.m */,
				21235BC70AFC73F6B03B6177 /* UserSettings.h */,
				21235659F2FEAFC19CECD82E /* UIViewController+Layout.m */,
				21235A0BF722C72BC12CF90B /* UIViewController+Layout.h */,
				21235FD685D033109884DAAC /* FontManager.m */,
				21235611898395CA4FBAA96F /* FontManager.h */,
				2123556A8AFB7BC8DC587A7B /* FavouritesManager.m */,
				212356548BD968C0CE9D6BA1 /* FavouritesManager.h */,
				21235379FCBFD3687A20DB34 /* UIViewController+NavigationBar.m */,
				21235FF2C4B369B0D1F56A0F /* UIViewController+NavigationBar.h */,
				21235E7E32353969EF31A996 /* NSString+Utilities.m */,
				21235C98153682924BB85F5B /* NSString+Utilities.h */,
			);
			path = Helpers;
			sourceTree = "<group>";
		};
		212358156E2A881CE4C95432 /* Localization */ = {
			isa = PBXGroup;
			children = (
				21235AF00A2D2921FAD9ADF3 /* de.lproj */,
				212358BF02CF1AB20D6742BE /* en.lproj */,
			);
			name = Localization;
			sourceTree = "<group>";
		};
		21235878F70BD733F585E002 /* CustomViews */ = {
			isa = PBXGroup;
			children = (
				21235F17A15AFDF7D7578161 /* LeftNavItem.h */,
				212356EE4BB41E321C30899F /* LeftNavItem.m */,
				87E2E54D1B5F929100AFDDB9 /* FortuneTableViewCell.h */,
				87E2E54E1B5F929100AFDDB9 /* FortuneTableViewCell.m */,
				877BFB9E1B6501BC00B2A8E5 /* LabelAutoSize.h */,
				877BFB9F1B6501BC00B2A8E5 /* LabelAutoSize.m */,
				87BD950B1B66EEA300A96289 /* RowIndicator.h */,
				87BD950C1B66EEA300A96289 /* RowIndicator.m */,
				21235283A711AC51577195B5 /* FortuneMainDisplay.m */,
				212354C690E64D24A3396B35 /* FortuneMainDisplay.h */,
				8758ED021B6D1E13008EEE1C /* DefaultButton.h */,
				8758ED031B6D1E13008EEE1C /* DefaultButton.m */,
			);
			path = CustomViews;
			sourceTree = "<group>";
		};
		212358BF02CF1AB20D6742BE /* en.lproj */ = {
			isa = PBXGroup;
			children = (
				87316F781B6B2C37005FF5C7 /* Localizable.strings */,
			);
			path = en.lproj;
			sourceTree = "<group>";
		};
		21235AF00A2D2921FAD9ADF3 /* de.lproj */ = {
			isa = PBXGroup;
			children = (
				87316F751B6B2C2E005FF5C7 /* Localizable.strings */,
			);
			name = de.lproj;
			sourceTree = "<group>";
		};
		21235F0E7CB8EF132B87410D /* Primary */ = {
			isa = PBXGroup;
			children = (
				2123569F771A32289000B781 /* HomeViewController.h */,
				21235A1012460B08E0193D6D /* HomeViewController.m */,
				2123543A547892D91FDC3F6D /* FortunesBySourceViewController.h */,
				2123539D67F30A0EF672E68B /* FortunesBySourceViewController.m */,
				212356603CDF1DDA989BF9AE /* FortunesListViewController.h */,
				21235A489AD4681C6D98CA7E /* FortunesListViewController.m */,
				21235E8E8F6225FAEF26FA73 /* ImpressumViewController.h */,
				21235A50AC0E760F4767EA08 /* ImpressumViewController.m */,
				212350A4C588C6D1D3154C12 /* SettingsViewController.h */,
				2123597AB4AE3E5E4C5B86CD /* SettingsViewController.m */,
			);
			name = Primary;
			sourceTree = "<group>";
		};
		87D1486B1B5D5C26003841AC = {
			isa = PBXGroup;
			children = (
				87D1489D1B5D636C003841AC /* Default-568h@2x.png */,
				87D148761B5D5C26003841AC /* Fortunes */,
				87D148901B5D5C26003841AC /* FortunesTests */,
				87D148751B5D5C26003841AC /* Products */,
				F24FD2AC417B91D00349B1A6 /* Pods */,
				10DA9FF2FB04EAF33D8C5640 /* Frameworks */,
			);
			sourceTree = "<group>";
		};
		87D148751B5D5C26003841AC /* Products */ = {
			isa = PBXGroup;
			children = (
				87D148741B5D5C26003841AC /* Fortunes.app */,
				87D1488D1B5D5C26003841AC /* FortunesTests.xctest */,
			);
			name = Products;
			sourceTree = "<group>";
		};
		87D148761B5D5C26003841AC /* Fortunes */ = {
			isa = PBXGroup;
			children = (
				87D148A91B5D86C9003841AC /* defines.h */,
				87D148AA1B5D86C9003841AC /* fortunes-Prefix.pch */,
				87D1487B1B5D5C26003841AC /* AppDelegate.h */,
				87D1487C1B5D5C26003841AC /* AppDelegate.m */,
				87D148841B5D5C26003841AC /* Images.xcassets */,
				87D148771B5D5C26003841AC /* Supporting Files */,
				87D148A21B5D662D003841AC /* ViewController */,
				21235047D3F9D333D563960C /* Helpers */,
				21235878F70BD733F585E002 /* CustomViews */,
				2123501CE23173AE1621F637 /* Data */,
				212358156E2A881CE4C95432 /* Localization */,
			);
			path = Fortunes;
			sourceTree = "<group>";
		};
		87D148771B5D5C26003841AC /* Supporting Files */ = {
			isa = PBXGroup;
			children = (
				87D148781B5D5C26003841AC /* Info.plist */,
				87D148791B5D5C26003841AC /* main.m */,
			);
			name = "Supporting Files";
			sourceTree = "<group>";
		};
		87D148901B5D5C26003841AC /* FortunesTests */ = {
			isa = PBXGroup;
			children = (
				87D148931B5D5C26003841AC /* FortunesTests.m */,
				87D148911B5D5C26003841AC /* Supporting Files */,
			);
			path = FortunesTests;
			sourceTree = "<group>";
		};
		87D148911B5D5C26003841AC /* Supporting Files */ = {
			isa = PBXGroup;
			children = (
				87D148921B5D5C26003841AC /* Info.plist */,
			);
			name = "Supporting Files";
			sourceTree = "<group>";
		};
		87D148A21B5D662D003841AC /* ViewController */ = {
			isa = PBXGroup;
			children = (
				21235F0E7CB8EF132B87410D /* Primary */,
				87D148A31B5D6646003841AC /* LeftViewController.h */,
				87D148A41B5D6646003841AC /* LeftViewController.m */,
				87D148A61B5D6C7B003841AC /* NavController.h */,
				87D148A71B5D6C7B003841AC /* NavController.m */,
				87D148B11B5DA38A003841AC /* BaseViewController.h */,
				87D148B21B5DA38A003841AC /* BaseViewController.m */,
				87BE06521B664700003F2186 /* FortuneDetailViewController.h */,
				87BE06531B664700003F2186 /* FortuneDetailViewController.m */,
				87BD950E1B6779A500A96289 /* FontsViewController.h */,
				87BD950F1B6779A500A96289 /* FontsViewController.m */,
			);
			name = ViewController;
			sourceTree = "<group>";
		};
		F24FD2AC417B91D00349B1A6 /* Pods */ = {
			isa = PBXGroup;
			children = (
				36F439999209509BD467C0A2 /* Pods.debug.xcconfig */,
				2EBB10577B677DBEE1EF280D /* Pods.release.xcconfig */,
			);
			name = Pods;
			sourceTree = "<group>";
		};
/* End PBXGroup section */

/* Begin PBXNativeTarget section */
		87D148731B5D5C26003841AC /* Fortunes */ = {
			isa = PBXNativeTarget;
			buildConfigurationList = 87D148971B5D5C26003841AC /* Build configuration list for PBXNativeTarget "Fortunes" */;
			buildPhases = (
				EC796E2ADE92FA3C47E562FB /* Check Pods Manifest.lock */,
				87D148701B5D5C26003841AC /* Sources */,
				87D148711B5D5C26003841AC /* Frameworks */,
				87D148721B5D5C26003841AC /* Resources */,
				2DBE7803D6A7973617A78364 /* Copy Pods Resources */,
			);
			buildRules = (
			);
			dependencies = (
			);
			name = Fortunes;
			productName = Fortunes;
			productReference = 87D148741B5D5C26003841AC /* Fortunes.app */;
			productType = "com.apple.product-type.application";
		};
		87D1488C1B5D5C26003841AC /* FortunesTests */ = {
			isa = PBXNativeTarget;
			buildConfigurationList = 87D1489A1B5D5C26003841AC /* Build configuration list for PBXNativeTarget "FortunesTests" */;
			buildPhases = (
				87D148891B5D5C26003841AC /* Sources */,
				87D1488A1B5D5C26003841AC /* Frameworks */,
				87D1488B1B5D5C26003841AC /* Resources */,
			);
			buildRules = (
			);
			dependencies = (
				87D1488F1B5D5C26003841AC /* PBXTargetDependency */,
			);
			name = FortunesTests;
			productName = FortunesTests;
			productReference = 87D1488D1B5D5C26003841AC /* FortunesTests.xctest */;
			productType = "com.apple.product-type.bundle.unit-test";
		};
/* End PBXNativeTarget section */

/* Begin PBXProject section */
		87D1486C1B5D5C26003841AC /* Project object */ = {
			isa = PBXProject;
			attributes = {
				LastUpgradeCheck = 0640;
				ORGANIZATIONNAME = Jemix;
				TargetAttributes = {
					87D148731B5D5C26003841AC = {
						CreatedOnToolsVersion = 6.4;
					};
					87D1488C1B5D5C26003841AC = {
						CreatedOnToolsVersion = 6.4;
						TestTargetID = 87D148731B5D5C26003841AC;
					};
					87F033511B6A0A29005D51CD = {
						CreatedOnToolsVersion = 6.4;
					};
				};
			};
			buildConfigurationList = 87D1486F1B5D5C26003841AC /* Build configuration list for PBXProject "Fortunes" */;
			compatibilityVersion = "Xcode 3.2";
			developmentRegion = English;
			hasScannedForEncodings = 0;
			knownRegions = (
				en,
				Base,
				de,
			);
			mainGroup = 87D1486B1B5D5C26003841AC;
			productRefGroup = 87D148751B5D5C26003841AC /* Products */;
			projectDirPath = "";
			projectRoot = "";
			targets = (
				87D148731B5D5C26003841AC /* Fortunes */,
				87D1488C1B5D5C26003841AC /* FortunesTests */,
				87F033511B6A0A29005D51CD /* Doku */,
			);
		};
/* End PBXProject section */

/* Begin PBXResourcesBuildPhase section */
		87D148721B5D5C26003841AC /* Resources */ = {
			isa = PBXResourcesBuildPhase;
			buildActionMask = 2147483647;
			files = (
				87D148851B5D5C26003841AC /* Images.xcassets in Resources */,
				87316F7A1B6B2C37005FF5C7 /* Localizable.strings in Resources */,
				87316F771B6B2C2E005FF5C7 /* Localizable.strings in Resources */,
				87D1489E1B5D636C003841AC /* Default-568h@2x.png in Resources */,
			);
			runOnlyForDeploymentPostprocessing = 0;
		};
		87D1488B1B5D5C26003841AC /* Resources */ = {
			isa = PBXResourcesBuildPhase;
			buildActionMask = 2147483647;
			files = (
			);
			runOnlyForDeploymentPostprocessing = 0;
		};
/* End PBXResourcesBuildPhase section */

/* Begin PBXShellScriptBuildPhase section */
		2DBE7803D6A7973617A78364 /* Copy Pods Resources */ = {
			isa = PBXShellScriptBuildPhase;
			buildActionMask = 2147483647;
			files = (
			);
			inputPaths = (
			);
			name = "Copy Pods Resources";
			outputPaths = (
			);
			runOnlyForDeploymentPostprocessing = 0;
			shellPath = /bin/sh;
			shellScript = "\"${SRCROOT}/Pods/Target Support Files/Pods/Pods-resources.sh\"\n";
			showEnvVarsInLog = 0;
		};
		87F033551B6A0A30005D51CD /* ShellScript */ = {
			isa = PBXShellScriptBuildPhase;
			buildActionMask = 2147483647;
			files = (
			);
			inputPaths = (
			);
			outputPaths = (
			);
			runOnlyForDeploymentPostprocessing = 0;
			shellPath = /bin/sh;
			shellScript = "#appledoc Xcode script\n# Start constants\ncompany=\"HeikoBublitz\";\ncompanyID=\"de.heikobublitz\";\ncompanyURL=\"http://www.heikobublitz.de\";\ntarget=\"iphoneos\";\n#target=\"macosx\";\noutputPath=\"${PROJECT_DIR}/../Doku\";\n# End constants\n/usr/local/bin/appledoc \\\n--project-name \"Fortunes\" \\\n--project-company \"${company}\" \\\n--company-id \"${companyID}\" \\\n--templates \"${PROJECT_DIR}/../AppleDocTemplates/old\" \\\n--docset-atom-filename \"${company}.atom\" \\\n--docset-feed-url \"${companyURL}/${company}/%DOCSETATOMFILENAME\" \\\n--docset-package-url \"${companyURL}/${company}/%DOCSETPACKAGEFILENAME\" \\\n--docset-fallback-url \"${companyURL}/${company}\" \\\n--output \"${outputPath}\" \\\n--publish-docset \\\n--docset-platform-family \"${target}\" \\\n--logformat xcode \\\n--keep-intermediate-files \\\n--keep-undocumented-objects \\\n--keep-undocumented-members \\\n--search-undocumented-doc \\\n--no-repeat-first-par \\\n--no-warn-invalid-crossref \\\n--exit-threshold 2 \\\n--create-html \\\n--no-merge-categories \\\n--ignore \"${PROJECT_DIR}/FortuneTests\" \\\n--ignore Frameworks \\\n\"${PROJECT_DIR}/Fortunes\"";
		};
		EC796E2ADE92FA3C47E562FB /* Check Pods Manifest.lock */ = {
			isa = PBXShellScriptBuildPhase;
			buildActionMask = 2147483647;
			files = (
			);
			inputPaths = (
			);
			name = "Check Pods Manifest.lock";
			outputPaths = (
			);
			runOnlyForDeploymentPostprocessing = 0;
			shellPath = /bin/sh;
			shellScript = "diff \"${PODS_ROOT}/../Podfile.lock\" \"${PODS_ROOT}/Manifest.lock\" > /dev/null\nif [[ $? != 0 ]] ; then\n    cat << EOM\nerror: The sandbox is not in sync with the Podfile.lock. Run 'pod install' or update your CocoaPods installation.\nEOM\n    exit 1\nfi\n";
			showEnvVarsInLog = 0;
		};
/* End PBXShellScriptBuildPhase section */

/* Begin PBXSourcesBuildPhase section */
		87D148701B5D5C26003841AC /* Sources */ = {
			isa = PBXSourcesBuildPhase;
			buildActionMask = 2147483647;
			files = (
				87D148B31B5DA38A003841AC /* BaseViewController.m in Sources */,
				87D148A51B5D6646003841AC /* LeftViewController.m in Sources */,
				87D148A81B5D6C7B003841AC /* NavController.m in Sources */,
				87D1487D1B5D5C26003841AC /* AppDelegate.m in Sources */,
				87D1487A1B5D5C26003841AC /* main.m in Sources */,
				87BD95101B6779A500A96289 /* FontsViewController.m in Sources */,
				212351E2606C393A91810A46 /* UIColor+Presets.m in Sources */,
				2123584252FCF8E238A1202F /* UIView+Helpers.m in Sources */,
				212359953153F89860E3347A /* LeftNavItem.m in Sources */,
				87BD950D1B66EEA300A96289 /* RowIndicator.m in Sources */,
				877BFBA01B6501BC00B2A8E5 /* LabelAutoSize.m in Sources */,
				87E2E54F1B5F929100AFDDB9 /* FortuneTableViewCell.m in Sources */,
				212353C87192D6A030581AE4 /* FortuneList.m in Sources */,
				8758ED041B6D1E13008EEE1C /* DefaultButton.m in Sources */,
				2123515B3171C65FEDD8FCB6 /* RESTClient.m in Sources */,
				21235214EA04DA6DE383266B /* SingleFortune.m in Sources */,
				87BE06541B664700003F2186 /* FortuneDetailViewController.m in Sources */,
				21235BC34468EE5D395A02D8 /* UserSettings.m in Sources */,
				212357EDC201D0BD5C2ADA04 /* UIViewController+Layout.m in Sources */,
				21235E71F303B6ECD38B2E71 /* HomeViewController.m in Sources */,
				2123575B4905EF8E678ADDB9 /* FortunesBySourceViewController.m in Sources */,
				212357B2C99E5B3D469FF335 /* FortunesListViewController.m in Sources */,
				2123541E4803BCF55E97A9B5 /* ImpressumViewController.m in Sources */,
				21235AB75DB52849AB17F75B /* SettingsViewController.m in Sources */,
				21235E85CDBD6D571FEC8213 /* FortuneMainDisplay.m in Sources */,
				212358D4F04B5125E4135056 /* FontManager.m in Sources */,
				2123506CBC745E578916BE69 /* FavouritesManager.m in Sources */,
				21235780CC4F603C40CE7516 /* SingleFortune+Favourites.m in Sources */,
				21235B8FC795F7CC721C5E1D /* UIViewController+NavigationBar.m in Sources */,
				212352EBCC19F2585A2820B2 /* NSString+Utilities.m in Sources */,
			);
			runOnlyForDeploymentPostprocessing = 0;
		};
		87D148891B5D5C26003841AC /* Sources */ = {
			isa = PBXSourcesBuildPhase;
			buildActionMask = 2147483647;
			files = (
				87D148941B5D5C26003841AC /* FortunesTests.m in Sources */,
			);
			runOnlyForDeploymentPostprocessing = 0;
		};
/* End PBXSourcesBuildPhase section */

/* Begin PBXTargetDependency section */
		87D1488F1B5D5C26003841AC /* PBXTargetDependency */ = {
			isa = PBXTargetDependency;
			target = 87D148731B5D5C26003841AC /* Fortunes */;
			targetProxy = 87D1488E1B5D5C26003841AC /* PBXContainerItemProxy */;
		};
/* End PBXTargetDependency section */

/* Begin PBXVariantGroup section */
		87316F751B6B2C2E005FF5C7 /* Localizable.strings */ = {
			isa = PBXVariantGroup;
			children = (
				87316F761B6B2C2E005FF5C7 /* de */,
			);
			name = Localizable.strings;
			sourceTree = "<group>";
		};
		87316F781B6B2C37005FF5C7 /* Localizable.strings */ = {
			isa = PBXVariantGroup;
			children = (
				87316F791B6B2C37005FF5C7 /* en */,
			);
			name = Localizable.strings;
			sourceTree = "<group>";
		};
/* End PBXVariantGroup section */

/* Begin XCBuildConfiguration section */
		87D148951B5D5C26003841AC /* Debug */ = {
			isa = XCBuildConfiguration;
			buildSettings = {
				ALWAYS_SEARCH_USER_PATHS = NO;
				CLANG_CXX_LANGUAGE_STANDARD = "gnu++0x";
				CLANG_CXX_LIBRARY = "libc++";
				CLANG_ENABLE_MODULES = YES;
				CLANG_ENABLE_OBJC_ARC = YES;
				CLANG_WARN_BOOL_CONVERSION = YES;
				CLANG_WARN_CONSTANT_CONVERSION = YES;
				CLANG_WARN_DIRECT_OBJC_ISA_USAGE = YES_ERROR;
				CLANG_WARN_EMPTY_BODY = YES;
				CLANG_WARN_ENUM_CONVERSION = YES;
				CLANG_WARN_INT_CONVERSION = YES;
				CLANG_WARN_OBJC_ROOT_CLASS = YES_ERROR;
				CLANG_WARN_UNREACHABLE_CODE = YES;
				CLANG_WARN__DUPLICATE_METHOD_MATCH = YES;
				"CODE_SIGN_IDENTITY[sdk=iphoneos*]" = "iPhone Developer";
				COPY_PHASE_STRIP = NO;
				DEBUG_INFORMATION_FORMAT = "dwarf-with-dsym";
				ENABLE_STRICT_OBJC_MSGSEND = YES;
				GCC_C_LANGUAGE_STANDARD = gnu99;
				GCC_DYNAMIC_NO_PIC = NO;
				GCC_NO_COMMON_BLOCKS = YES;
				GCC_OPTIMIZATION_LEVEL = 0;
				GCC_PREPROCESSOR_DEFINITIONS = (
					"DEBUG=1",
					"$(inherited)",
				);
				GCC_SYMBOLS_PRIVATE_EXTERN = NO;
				GCC_WARN_64_TO_32_BIT_CONVERSION = YES;
				GCC_WARN_ABOUT_RETURN_TYPE = YES_ERROR;
				GCC_WARN_UNDECLARED_SELECTOR = YES;
				GCC_WARN_UNINITIALIZED_AUTOS = YES_AGGRESSIVE;
				GCC_WARN_UNUSED_FUNCTION = YES;
				GCC_WARN_UNUSED_VARIABLE = YES;
				IPHONEOS_DEPLOYMENT_TARGET = 7.0;
				MTL_ENABLE_DEBUG_INFO = YES;
				ONLY_ACTIVE_ARCH = YES;
				SDKROOT = iphoneos;
			};
			name = Debug;
		};
		87D148961B5D5C26003841AC /* Release */ = {
			isa = XCBuildConfiguration;
			buildSettings = {
				ALWAYS_SEARCH_USER_PATHS = NO;
				CLANG_CXX_LANGUAGE_STANDARD = "gnu++0x";
				CLANG_CXX_LIBRARY = "libc++";
				CLANG_ENABLE_MODULES = YES;
				CLANG_ENABLE_OBJC_ARC = YES;
				CLANG_WARN_BOOL_CONVERSION = YES;
				CLANG_WARN_CONSTANT_CONVERSION = YES;
				CLANG_WARN_DIRECT_OBJC_ISA_USAGE = YES_ERROR;
				CLANG_WARN_EMPTY_BODY = YES;
				CLANG_WARN_ENUM_CONVERSION = YES;
				CLANG_WARN_INT_CONVERSION = YES;
				CLANG_WARN_OBJC_ROOT_CLASS = YES_ERROR;
				CLANG_WARN_UNREACHABLE_CODE = YES;
				CLANG_WARN__DUPLICATE_METHOD_MATCH = YES;
				"CODE_SIGN_IDENTITY[sdk=iphoneos*]" = "iPhone Developer";
				COPY_PHASE_STRIP = NO;
				DEBUG_INFORMATION_FORMAT = "dwarf-with-dsym";
				ENABLE_NS_ASSERTIONS = NO;
				ENABLE_STRICT_OBJC_MSGSEND = YES;
				GCC_C_LANGUAGE_STANDARD = gnu99;
				GCC_NO_COMMON_BLOCKS = YES;
				GCC_WARN_64_TO_32_BIT_CONVERSION = YES;
				GCC_WARN_ABOUT_RETURN_TYPE = YES_ERROR;
				GCC_WARN_UNDECLARED_SELECTOR = YES;
				GCC_WARN_UNINITIALIZED_AUTOS = YES_AGGRESSIVE;
				GCC_WARN_UNUSED_FUNCTION = YES;
				GCC_WARN_UNUSED_VARIABLE = YES;
				IPHONEOS_DEPLOYMENT_TARGET = 7.0;
				MTL_ENABLE_DEBUG_INFO = NO;
				SDKROOT = iphoneos;
				VALIDATE_PRODUCT = YES;
			};
			name = Release;
		};
		87D148981B5D5C26003841AC /* Debug */ = {
			isa = XCBuildConfiguration;
			baseConfigurationReference = 36F439999209509BD467C0A2 /* Pods.debug.xcconfig */;
			buildSettings = {
				ASSETCATALOG_COMPILER_APPICON_NAME = AppIcon;
				GCC_PRECOMPILE_PREFIX_HEADER = YES;
				GCC_PREFIX_HEADER = "Fortunes/fortunes-Prefix.pch";
				INFOPLIST_FILE = Fortunes/Info.plist;
				LD_RUNPATH_SEARCH_PATHS = "$(inherited) @executable_path/Frameworks";
				PRODUCT_NAME = "$(TARGET_NAME)";
				USER_HEADER_SEARCH_PATHS = "\"${PROJECT_DIR}/Pods\"/**";
			};
			name = Debug;
		};
		87D148991B5D5C26003841AC /* Release */ = {
			isa = XCBuildConfiguration;
			baseConfigurationReference = 2EBB10577B677DBEE1EF280D /* Pods.release.xcconfig */;
			buildSettings = {
				ASSETCATALOG_COMPILER_APPICON_NAME = AppIcon;
				GCC_PRECOMPILE_PREFIX_HEADER = YES;
				GCC_PREFIX_HEADER = "Fortunes/fortunes-Prefix.pch";
				INFOPLIST_FILE = Fortunes/Info.plist;
				LD_RUNPATH_SEARCH_PATHS = "$(inherited) @executable_path/Frameworks";
				PRODUCT_NAME = "$(TARGET_NAME)";
				USER_HEADER_SEARCH_PATHS = "\"${PROJECT_DIR}/Pods\"/**";
			};
			name = Release;
		};
		87D1489B1B5D5C26003841AC /* Debug */ = {
			isa = XCBuildConfiguration;
			buildSettings = {
				BUNDLE_LOADER = "$(TEST_HOST)";
				FRAMEWORK_SEARCH_PATHS = (
					"$(SDKROOT)/Developer/Library/Frameworks",
					"$(inherited)",
				);
				GCC_PREPROCESSOR_DEFINITIONS = (
					"DEBUG=1",
					"$(inherited)",
				);
				INFOPLIST_FILE = FortunesTests/Info.plist;
				LD_RUNPATH_SEARCH_PATHS = "$(inherited) @executable_path/Frameworks @loader_path/Frameworks";
				PRODUCT_NAME = "$(TARGET_NAME)";
				TEST_HOST = "$(BUILT_PRODUCTS_DIR)/Fortunes.app/Fortunes";
			};
			name = Debug;
		};
		87D1489C1B5D5C26003841AC /* Release */ = {
			isa = XCBuildConfiguration;
			buildSettings = {
				BUNDLE_LOADER = "$(TEST_HOST)";
				FRAMEWORK_SEARCH_PATHS = (
					"$(SDKROOT)/Developer/Library/Frameworks",
					"$(inherited)",
				);
				INFOPLIST_FILE = FortunesTests/Info.plist;
				LD_RUNPATH_SEARCH_PATHS = "$(inherited) @executable_path/Frameworks @loader_path/Frameworks";
				PRODUCT_NAME = "$(TARGET_NAME)";
				TEST_HOST = "$(BUILT_PRODUCTS_DIR)/Fortunes.app/Fortunes";
			};
			name = Release;
		};
		87F033521B6A0A29005D51CD /* Debug */ = {
			isa = XCBuildConfiguration;
			buildSettings = {
				PRODUCT_NAME = "$(TARGET_NAME)";
			};
			name = Debug;
		};
		87F033531B6A0A29005D51CD /* Release */ = {
			isa = XCBuildConfiguration;
			buildSettings = {
				PRODUCT_NAME = "$(TARGET_NAME)";
			};
			name = Release;
		};
/* End XCBuildConfiguration section */

/* Begin XCConfigurationList section */
		87D1486F1B5D5C26003841AC /* Build configuration list for PBXProject "Fortunes" */ = {
			isa = XCConfigurationList;
			buildConfigurations = (
				87D148951B5D5C26003841AC /* Debug */,
				87D148961B5D5C26003841AC /* Release */,
			);
			defaultConfigurationIsVisible = 0;
			defaultConfigurationName = Release;
		};
		87D148971B5D5C26003841AC /* Build configuration list for PBXNativeTarget "Fortunes" */ = {
			isa = XCConfigurationList;
			buildConfigurations = (
				87D148981B5D5C26003841AC /* Debug */,
				87D148991B5D5C26003841AC /* Release */,
			);
			defaultConfigurationIsVisible = 0;
			defaultConfigurationName = Release;
		};
		87D1489A1B5D5C26003841AC /* Build configuration list for PBXNativeTarget "FortunesTests" */ = {
			isa = XCConfigurationList;
			buildConfigurations = (
				87D1489B1B5D5C26003841AC /* Debug */,
				87D1489C1B5D5C26003841AC /* Release */,
			);
			defaultConfigurationIsVisible = 0;
			defaultConfigurationName = Release;
		};
		87F033541B6A0A29005D51CD /* Build configuration list for PBXAggregateTarget "Doku" */ = {
			isa = XCConfigurationList;
			buildConfigurations = (
				87F033521B6A0A29005D51CD /* Debug */,
				87F033531B6A0A29005D51CD /* Release */,
			);
			defaultConfigurationIsVisible = 0;
			defaultConfigurationName = Release;
		};
/* End XCConfigurationList section */
	};
	rootObject = 87D1486C1B5D5C26003841AC /* Project object */;
}
